
Microsoft Visual Studio Solution File, Format Version 12.00
# Visual Studio Version 17
VisualStudioVersion = 17.9.34728.123
MinimumVisualStudioVersion = 10.0.40219.1
Project("{9A19103F-16F7-4668-BE54-9A1E7A4F7556}") = "PuntoDeVenta_Cliente", "PuntoDeVenta_Cliente.csproj", "{552E97DE-00BF-4E8E-A17D-A996C909679A}"
EndProject
Project("{9A19103F-16F7-4668-BE54-9A1E7A4F7556}") = "Shared", "..\Shared\Shared.csproj", "{D220B29C-D464-4B96-A690-198B3FB253CA}"
EndProject
Project("{FAE04EC0-301F-11D3-BF4B-00C04F79EFBC}") = "PuntoDeVenta_Api", "..\PuntoDeVenta_Api\PuntoDeVenta_Api.csproj", "{2BDAAF71-401E-4C70-A12D-BCE72AEC02C0}"
EndProject
Global
	GlobalSection(SolutionConfigurationPlatforms) = preSolution
		Debug|Any CPU = Debug|Any CPU
		Release|Any CPU = Release|Any CPU
	EndGlobalSection
	GlobalSection(ProjectConfigurationPlatforms) = postSolution
		{552E97DE-00BF-4E8E-A17D-A996C909679A}.Debug|Any CPU.ActiveCfg = Debug|Any CPU
		{552E97DE-00BF-4E8E-A17D-A996C909679A}.Debug|Any CPU.Build.0 = Debug|Any CPU
		{552E97DE-00BF-4E8E-A17D-A996C909679A}.Release|Any CPU.ActiveCfg = Release|Any CPU
		{552E97DE-00BF-4E8E-A17D-A996C909679A}.Release|Any CPU.Build.0 = Release|Any CPU
		{D220B29C-D464-4B96-A690-198B3FB253CA}.Debug|Any CPU.ActiveCfg = Debug|Any CPU
		{D220B29C-D464-4B96-A690-198B3FB253CA}.Debug|Any CPU.Build.0 = Debug|Any CPU
		{D220B29C-D464-4B96-A690-198B3FB253CA}.Release|Any CPU.ActiveCfg = Release|Any CPU
		{D220B29C-D464-4B96-A690-198B3FB253CA}.Release|Any CPU.Build.0 = Release|Any CPU
		{2BDAAF71-401E-4C70-A12D-BCE72AEC02C0}.Debug|Any CPU.ActiveCfg = Debug|Any CPU
		{2BDAAF71-401E-4C70-A12D-BCE72AEC02C0}.Debug|Any CPU.Build.0 = Debug|Any CPU
		{2BDAAF71-401E-4C70-A12D-BCE72AEC02C0}.Release|Any CPU.ActiveCfg = Release|Any CPU
		{2BDAAF71-401E-4C70-A12D-BCE72AEC02C0}.Release|Any CPU.Build.0 = Release|Any CPU
	EndGlobalSection
	GlobalSection(SolutionProperties) = preSolution
		HideSolutionNode = FALSE
	EndGlobalSection
	GlobalSection(ExtensibilityGlobals) = postSolution
		SolutionGuid = {5046EB0B-A228-438A-9D58-90D10933E260}
	EndGlobalSection
EndGlobal
